{
    "_meta": {
        "hash": {"sha256": "abc"},
        "pipfile-spec": 6,
        "requires": {"python_version": "3.11"}
    },
    "default": {
        "django": {"version": "==4.2.7"},
        "pycrypto": {"version": "==2.6.1"},
        "bcrypt": {"version": "==4.0.1"},
        "requests": {"version": "==2.31.0"}
    },
    "develop": {
        "pytest": {"version": "==7.4.0"},
        "passlib": {"version": "==1.7.4"}
    }
}
