version = 1
requires-python = ">=3.10"

[[package]]
name = "django"
version = "4.2.7"
source = { registry = "https://pypi.org/simple" }

[[package]]
name = "pycrypto"
version = "2.6.1"
source = { registry = "https://pypi.org/simple" }

[[package]]
name = "bcrypt"
version = "4.1.2"
source = { registry = "https://pypi.org/simple" }

[[package]]
name = "cryptography"
version = "42.0.5"
source = { registry = "https://pypi.org/simple" }

[[package]]
name = "requests"
version = "2.31.0"
source = { registry = "https://pypi.org/simple" }

[[package]]
name = "passlib"
version = "1.7.4"
source = { registry = "https://pypi.org/simple" }
