# THIS IS AN AUTOGENERATED FILE. DO NOT EDIT THIS FILE DIRECTLY.
# yarn lockfile v1


"@babel/code-frame@^7.0.0":
  version "7.22.13"
  resolved "https://registry.yarnpkg.com/@babel/code-frame/-/code-frame-7.22.13.tgz#example"
  integrity sha512-abc

express@^4.18.0:
  version "4.18.2"
  resolved "https://registry.yarnpkg.com/express/-/express-4.18.2.tgz#example"

md5@^2.3.0:
  version "2.3.0"
  resolved "https://registry.yarnpkg.com/md5/-/md5-2.3.0.tgz#example"

sha1@^1.1.1:
  version "1.1.1"

crypto-js@^4.2.0, crypto-js@^4.1.1:
  version "4.2.0"

bcrypt@^5.1.1:
  version "5.1.1"

bcryptjs@^2.4.3:
  version "2.4.3"

node-forge@^1.3.1:
  version "1.3.1"

lodash@^4.17.21:
  version "4.17.21"
